<?xml version="1.0" encoding="utf-8"?>
<Project ToolsVersion="4.0" xmlns="http://schemas.microsoft.com/developer/msbuild/2003">
  <ItemGroup>
    <Filter Include="Source Files">
      <UniqueIdentifier>{4FC737F1-C7A5-4376-A066-2A32D752A2FF}</UniqueIdentifier>
      <Extensions>cpp;c;cc;cxx;def;odl;idl;hpj;bat;asm;asmx</Extensions>
    </Filter>
    <Filter Include="Header Files">
      <UniqueIdentifier>{93995380-89BD-4b04-88EB-625FBE52EBFB}</UniqueIdentifier>
      <Extensions>h;hpp;hxx;hm;inl;inc;xsd</Extensions>
    </Filter>
    <Filter Include="Resource Files">
      <UniqueIdentifier>{67DA6AB6-F800-4c08-8B7A-83BB121AAD01}</UniqueIdentifier>
      <Extensions>rc;ico;cur;bmp;dlg;rc2;rct;bin;rgs;gif;jpg;jpeg;jpe;resx;tiff;tif;png;wav</Extensions>
    </Filter>
    <Filter Include="Documentation">
      <UniqueIdentifier>{75060048-bb16-4652-8bff-c0474d85d184}</UniqueIdentifier>
    </Filter>
    <Filter Include="WaveFiles">
      <UniqueIdentifier>{b2e8d9e5-63ab-4641-aead-1a276916664f}</UniqueIdentifier>
    </Filter>
  </ItemGroup>
  <ItemGroup>
    <ClCompile Include="game.cpp">
      <Filter>Source Files</Filter>
    </ClCompile>
    <ClCompile Include="graphics.cpp">
      <Filter>Source Files</Filter>
    </ClCompile>
    <ClCompile Include="input.cpp">
      <Filter>Source Files</Filter>
    </ClCompile>
    <ClCompile Include="winmain.cpp">
      <Filter>Source Files</Filter>
    </ClCompile>
    <ClCompile Include="entity.cpp">
      <Filter>Source Files</Filter>
    </ClCompile>
    <ClCompile Include="console.cpp">
      <Filter>Source Files</Filter>
    </ClCompile>
    <ClCompile Include="textDX.cpp">
      <Filter>Source Files</Filter>
    </ClCompile>
    <ClCompile Include="image.cpp">
      <Filter>Source Files</Filter>
    </ClCompile>
    <ClCompile Include="audio.cpp">
      <Filter>Source Files</Filter>
    </ClCompile>
    <ClCompile Include="textureManager.cpp">
      <Filter>Source Files</Filter>
    </ClCompile>
    <ClCompile Include="messageDialog.cpp">
      <Filter>Source Files</Filter>
    </ClCompile>
    <ClCompile Include="dashboard.cpp">
      <Filter>Source Files</Filter>
    </ClCompile>
    <ClCompile Include="inputDialog.cpp">
      <Filter>Source Files</Filter>
    </ClCompile>
    <ClCompile Include="text.cpp">
      <Filter>Source Files</Filter>
    </ClCompile>
    <ClCompile Include="net.cpp">
      <Filter>Source Files</Filter>
    </ClCompile>
    <ClCompile Include="HullDefense.cpp">
      <Filter>Source Files</Filter>
    </ClCompile>
    <ClCompile Include="structureGrid.cpp">
      <Filter>Source Files</Filter>
    </ClCompile>
    <ClCompile Include="structure.cpp">
      <Filter>Source Files</Filter>
    </ClCompile>
    <ClCompile Include="structureManager.cpp">
      <Filter>Source Files</Filter>
    </ClCompile>
    <ClCompile Include="wall.cpp">
      <Filter>Source Files</Filter>
    </ClCompile>
    <ClCompile Include="turret.cpp">
      <Filter>Source Files</Filter>
    </ClCompile>
    <ClCompile Include="gameMenu.cpp">
      <Filter>Source Files</Filter>
    </ClCompile>
    <ClCompile Include="tower.cpp">
      <Filter>Source Files</Filter>
    </ClCompile>
    <ClCompile Include="EnemyManager.cpp">
      <Filter>Source Files</Filter>
    </ClCompile>
    <ClCompile Include="Enemy.cpp">
      <Filter>Source Files</Filter>
    </ClCompile>
    <ClCompile Include="PathFinding.cpp">
      <Filter>Source Files</Filter>
    </ClCompile>
    <ClCompile Include="base.cpp">
      <Filter>Source Files</Filter>
    </ClCompile>
    <ClCompile Include="wave.cpp">
      <Filter>Source Files</Filter>
    </ClCompile>
    <ClCompile Include="gameState.cpp">
      <Filter>Source Files</Filter>
    </ClCompile>
    <ClCompile Include="waves.cpp">
      <Filter>Source Files</Filter>
    </ClCompile>
    <ClCompile Include="photonCannon.cpp">
      <Filter>Source Files</Filter>
    </ClCompile>
    <ClCompile Include="particle.cpp">
      <Filter>Source Files</Filter>
    </ClCompile>
    <ClCompile Include="particleManager.cpp">
      <Filter>Source Files</Filter>
    </ClCompile>
    <ClCompile Include="permWall.cpp">
      <Filter>Source Files</Filter>
    </ClCompile>
    <ClCompile Include="mainMenu.cpp">
      <Filter>Source Files</Filter>
    </ClCompile>
  </ItemGroup>
  <ItemGroup>
    <ClInclude Include="constants.h">
      <Filter>Header Files</Filter>
    </ClInclude>
    <ClInclude Include="game.h">
      <Filter>Header Files</Filter>
    </ClInclude>
    <ClInclude Include="graphics.h">
      <Filter>Header Files</Filter>
    </ClInclude>
    <ClInclude Include="input.h">
      <Filter>Header Files</Filter>
    </ClInclude>
    <ClInclude Include="entity.h">
      <Filter>Header Files</Filter>
    </ClInclude>
    <ClInclude Include="console.h">
      <Filter>Header Files</Filter>
    </ClInclude>
    <ClInclude Include="textDX.h">
      <Filter>Header Files</Filter>
    </ClInclude>
    <ClInclude Include="image.h">
      <Filter>Header Files</Filter>
    </ClInclude>
    <ClInclude Include="audio.h">
      <Filter>Header Files</Filter>
    </ClInclude>
    <ClInclude Include="textureManager.h">
      <Filter>Header Files</Filter>
    </ClInclude>
    <ClInclude Include="messageDialog.h">
      <Filter>Header Files</Filter>
    </ClInclude>
    <ClInclude Include="gameError.h">
      <Filter>Header Files</Filter>
    </ClInclude>
    <ClInclude Include="dashboard.h">
      <Filter>Header Files</Filter>
    </ClInclude>
    <ClInclude Include="inputDialog.h">
      <Filter>Header Files</Filter>
    </ClInclude>
    <ClInclude Include="text.h">
      <Filter>Header Files</Filter>
    </ClInclude>
    <ClInclude Include="net.h">
      <Filter>Header Files</Filter>
    </ClInclude>
    <ClInclude Include="structureGrid.h">
      <Filter>Header Files</Filter>
    </ClInclude>
    <ClInclude Include="structure.h">
      <Filter>Header Files</Filter>
    </ClInclude>
    <ClInclude Include="structureManager.h">
      <Filter>Header Files</Filter>
    </ClInclude>
    <ClInclude Include="wall.h">
      <Filter>Header Files</Filter>
    </ClInclude>
    <ClInclude Include="turret.h">
      <Filter>Header Files</Filter>
    </ClInclude>
    <ClInclude Include="gameMenu.h">
      <Filter>Header Files</Filter>
    </ClInclude>
    <ClInclude Include="tower.h">
      <Filter>Header Files</Filter>
    </ClInclude>
    <ClInclude Include="PathFinding.h">
      <Filter>Header Files</Filter>
    </ClInclude>
    <ClInclude Include="enemy.h">
      <Filter>Header Files</Filter>
    </ClInclude>
    <ClInclude Include="enemyManager.h">
      <Filter>Header Files</Filter>
    </ClInclude>
    <ClInclude Include="HullDefense.h">
      <Filter>Header Files</Filter>
    </ClInclude>
    <ClInclude Include="base.h">
      <Filter>Header Files</Filter>
    </ClInclude>
    <ClInclude Include="wave.h">
      <Filter>Header Files</Filter>
    </ClInclude>
    <ClInclude Include="gameState.h">
      <Filter>Header Files</Filter>
    </ClInclude>
    <ClInclude Include="heavyEnemy.h">
      <Filter>Header Files</Filter>
    </ClInclude>
    <ClInclude Include="lightEnemy.h">
      <Filter>Header Files</Filter>
    </ClInclude>
    <ClInclude Include="mediumEnemy.h">
      <Filter>Header Files</Filter>
    </ClInclude>
    <ClInclude Include="waves.h">
      <Filter>Header Files</Filter>
    </ClInclude>
    <ClInclude Include="photonCannon.h">
      <Filter>Header Files</Filter>
    </ClInclude>
    <ClInclude Include="particle.h">
      <Filter>Header Files</Filter>
    </ClInclude>
    <ClInclude Include="particleManager.h">
      <Filter>Header Files</Filter>
    </ClInclude>
    <ClInclude Include="pregnantEnemy.h">
      <Filter>Header Files</Filter>
    </ClInclude>
    <ClInclude Include="babyEnemies.h">
      <Filter>Header Files</Filter>
    </ClInclude>
    <ClInclude Include="permWall.h">
      <Filter>Header Files</Filter>
    </ClInclude>
    <ClInclude Include="mainMenu.h">
      <Filter>Header Files</Filter>
    </ClInclude>
  </ItemGroup>
  <ItemGroup>
    <None Include="Change log.txt">
      <Filter>Documentation</Filter>
    </None>
  </ItemGroup>
  <ItemGroup>
    <Image Include="pictures\background.png">
      <Filter>Resource Files</Filter>
    </Image>
    <Image Include="pictures\background1DAN.png">
      <Filter>Resource Files</Filter>
    </Image>
    <Image Include="pictures\baseDANIEL.png">
      <Filter>Resource Files</Filter>
    </Image>
    <Image Include="pictures\buildmenuDANIEL.png">
      <Filter>Resource Files</Filter>
    </Image>
    <Image Include="pictures\CKfont.png">
      <Filter>Resource Files</Filter>
    </Image>
    <Image Include="pictures\Enemy(1).png">
      <Filter>Resource Files</Filter>
    </Image>
    <Image Include="pictures\Enemy.png">
      <Filter>Resource Files</Filter>
    </Image>
    <Image Include="pictures\EnemyTemp.png">
      <Filter>Resource Files</Filter>
    </Image>
    <Image Include="pictures\goodSelectionJEREMY.png">
      <Filter>Resource Files</Filter>
    </Image>
    <Image Include="pictures\healthBarDANIEL.png">
      <Filter>Resource Files</Filter>
    </Image>
    <Image Include="pictures\instruction1DANIEL.png">
      <Filter>Resource Files</Filter>
    </Image>
    <Image Include="pictures\instruction2DANIEL.png">
      <Filter>Resource Files</Filter>
    </Image>
    <Image Include="pictures\instructionDANIEL.png">
      <Filter>Resource Files</Filter>
    </Image>
    <Image Include="pictures\loseScreenDANIEL.png">
      <Filter>Resource Files</Filter>
    </Image>
    <Image Include="pictures\mainScreenDANIEL.png">
      <Filter>Resource Files</Filter>
    </Image>
    <Image Include="pictures\menu.png">
      <Filter>Resource Files</Filter>
    </Image>
    <Image Include="pictures\menuDefaultDANIEL.png">
      <Filter>Resource Files</Filter>
    </Image>
    <Image Include="pictures\repairmenuDANIEL.png">
      <Filter>Resource Files</Filter>
    </Image>
    <Image Include="pictures\sellmenuDANIEL.png">
      <Filter>Resource Files</Filter>
    </Image>
    <Image Include="pictures\towerBaseJEREMY.png">
      <Filter>Resource Files</Filter>
    </Image>
    <Image Include="pictures\towerGunJEREMY.png">
      <Filter>Resource Files</Filter>
    </Image>
    <Image Include="pictures\towerMenuDANIEL.png">
      <Filter>Resource Files</Filter>
    </Image>
    <Image Include="pictures\turretBaseDANIEL.png">
      <Filter>Resource Files</Filter>
    </Image>
    <Image Include="pictures\turretGunDANIEL.png">
      <Filter>Resource Files</Filter>
    </Image>
    <Image Include="pictures\turretProjectileJEREMY.png">
      <Filter>Resource Files</Filter>
    </Image>
    <Image Include="pictures\turretProjectileJEREMY2.png">
      <Filter>Resource Files</Filter>
    </Image>
    <Image Include="pictures\turretsMenuDANIEL.png">
      <Filter>Resource Files</Filter>
    </Image>
    <Image Include="pictures\wallJEREMY.png">
      <Filter>Resource Files</Filter>
    </Image>
    <Image Include="pictures\wallMenuDANIEL.png">
      <Filter>Resource Files</Filter>
    </Image>
    <Image Include="pictures\waveComplete.png">
      <Filter>Resource Files</Filter>
    </Image>
    <Image Include="pictures\winScreenDANIEL.png">
      <Filter>Resource Files</Filter>
    </Image>
    <Image Include="pictures\photonCannonGunJEREMY.png">
      <Filter>Resource Files</Filter>
    </Image>
    <Image Include="pictures\photonCannonProjectileJEREMY.png">
      <Filter>Resource Files</Filter>
    </Image>
  </ItemGroup>
  <ItemGroup>
    <Text Include="level1.txt">
      <Filter>WaveFiles</Filter>
    </Text>
    <Text Include="level2.txt">
      <Filter>WaveFiles</Filter>
    </Text>
    <Text Include="level3.txt">
      <Filter>WaveFiles</Filter>
    </Text>
  </ItemGroup>
</Project>